// !$*UTF8*$!
{
	archiveVersion = 1;
	classes = {
	};
	objectVersion = 50;
	objects = {

/* Begin PBXBuildFile section */
		151D4AD42281615F008DBB83 /* AppDelegate.swift in Sources */ = {isa = PBXBuildFile; fileRef = 151D4AD32281615F008DBB83 /* AppDelegate.swift */; };
		151D4AD92281615F008DBB83 /* Main.storyboard in Resources */ = {isa = PBXBuildFile; fileRef = 151D4AD72281615F008DBB83 /* Main.storyboard */; };
		151D4ADB22816161008DBB83 /* Assets.xcassets in Resources */ = {isa = PBXBuildFile; fileRef = 151D4ADA22816161008DBB83 /* Assets.xcassets */; };
		151D4ADE22816161008DBB83 /* LaunchScreen.storyboard in Resources */ = {isa = PBXBuildFile; fileRef = 151D4ADC22816161008DBB83 /* LaunchScreen.storyboard */; };
		151D4AE7228169F2008DBB83 /* LoginController.swift in Sources */ = {isa = PBXBuildFile; fileRef = 151D4AE6228169F2008DBB83 /* LoginController.swift */; };
		1559CC79228288F300F83D82 /* UserInteractor.swift in Sources */ = {isa = PBXBuildFile; fileRef = 1559CC78228288F300F83D82 /* UserInteractor.swift */; };
		1559CC7C2282893A00F83D82 /* BaseInteractor.swift in Sources */ = {isa = PBXBuildFile; fileRef = 1559CC7B2282893A00F83D82 /* BaseInteractor.swift */; };
		1559CC7F228289BB00F83D82 /* APIConnector.swift in Sources */ = {isa = PBXBuildFile; fileRef = 1559CC7E228289BB00F83D82 /* APIConnector.swift */; };
		1559CC8122828BA500F83D82 /* LocaleManager.swift in Sources */ = {isa = PBXBuildFile; fileRef = 1559CC8022828BA500F83D82 /* LocaleManager.swift */; };
		1559CC8322828C6A00F83D82 /* PreferenceManager.swift in Sources */ = {isa = PBXBuildFile; fileRef = 1559CC8222828C6A00F83D82 /* PreferenceManager.swift */; };
		1559CC852282AB7E00F83D82 /* Config.swift in Sources */ = {isa = PBXBuildFile; fileRef = 1559CC842282AB7E00F83D82 /* Config.swift */; };
		1559CC872282AC5F00F83D82 /* DeviceManager.swift in Sources */ = {isa = PBXBuildFile; fileRef = 1559CC862282AC5F00F83D82 /* DeviceManager.swift */; };
		1559CC892282B6DE00F83D82 /* NSStringExtension.swift in Sources */ = {isa = PBXBuildFile; fileRef = 1559CC882282B6DE00F83D82 /* NSStringExtension.swift */; };
		1559CC8C2282B97600F83D82 /* GenflixErrorCode.swift in Sources */ = {isa = PBXBuildFile; fileRef = 1559CC8B2282B97600F83D82 /* GenflixErrorCode.swift */; };
		1559CC8E2282BA3A00F83D82 /* User.swift in Sources */ = {isa = PBXBuildFile; fileRef = 1559CC8D2282BA3A00F83D82 /* User.swift */; };
		157D6E1022851C8100A0FEE8 /* MainMenuController.swift in Sources */ = {isa = PBXBuildFile; fileRef = 157D6E0F22851C8100A0FEE8 /* MainMenuController.swift */; };
		157D6E12228521F000A0FEE8 /* StoryboardManager.swift in Sources */ = {isa = PBXBuildFile; fileRef = 157D6E11228521F000A0FEE8 /* StoryboardManager.swift */; };
		15EB618C2283C1960091CCD9 /* RequestExtension.swift in Sources */ = {isa = PBXBuildFile; fileRef = 15EB618B2283C1960091CCD9 /* RequestExtension.swift */; };
		76FEEDDA8E025617BBC7C5BE /* Pods_login_api.framework in Frameworks */ = {isa = PBXBuildFile; fileRef = 1198B85CF15CD7924827BD4E /* Pods_login_api.framework */; };
/* End PBXBuildFile section */

/* Begin PBXFileReference section */
		1198B85CF15CD7924827BD4E /* Pods_login_api.framework */ = {isa = PBXFileReference; explicitFileType = wrapper.framework; includeInIndex = 0; path = Pods_login_api.framework; sourceTree = BUILT_PRODUCTS_DIR; };
		151D4AD02281615F008DBB83 /* login api.app */ = {isa = PBXFileReference; explicitFileType = wrapper.application; includeInIndex = 0; path = "login api.app"; sourceTree = BUILT_PRODUCTS_DIR; };
		151D4AD32281615F008DBB83 /* AppDelegate.swift */ = {isa = PBXFileReference; lastKnownFileType = sourcecode.swift; path = AppDelegate.swift; sourceTree = "<group>"; };
		151D4AD82281615F008DBB83 /* Base */ = {isa = PBXFileReference; lastKnownFileType = file.storyboard; name = Base; path = Base.lproj/Main.storyboard; sourceTree = "<group>"; };
		151D4ADA22816161008DBB83 /* Assets.xcassets */ = {isa = PBXFileReference; lastKnownFileType = folder.assetcatalog; path = Assets.xcassets; sourceTree = "<group>"; };
		151D4ADD22816161008DBB83 /* Base */ = {isa = PBXFileReference; lastKnownFileType = file.storyboard; name = Base; path = Base.lproj/LaunchScreen.storyboard; sourceTree = "<group>"; };
		151D4ADF22816161008DBB83 /* Info.plist */ = {isa = PBXFileReference; lastKnownFileType = text.plist.xml; path = Info.plist; sourceTree = "<group>"; };
		151D4AE6228169F2008DBB83 /* LoginController.swift */ = {isa = PBXFileReference; lastKnownFileType = sourcecode.swift; path = LoginController.swift; sourceTree = "<group>"; };
		1559CC78228288F300F83D82 /* UserInteractor.swift */ = {isa = PBXFileReference; lastKnownFileType = sourcecode.swift; path = UserInteractor.swift; sourceTree = "<group>"; };
		1559CC7B2282893A00F83D82 /* BaseInteractor.swift */ = {isa = PBXFileReference; lastKnownFileType = sourcecode.swift; path = BaseInteractor.swift; sourceTree = "<group>"; };
		1559CC7E228289BB00F83D82 /* APIConnector.swift */ = {isa = PBXFileReference; lastKnownFileType = sourcecode.swift; path = APIConnector.swift; sourceTree = "<group>"; };
		1559CC8022828BA500F83D82 /* LocaleManager.swift */ = {isa = PBXFileReference; lastKnownFileType = sourcecode.swift; path = LocaleManager.swift; sourceTree = "<group>"; };
		1559CC8222828C6A00F83D82 /* PreferenceManager.swift */ = {isa = PBXFileReference; lastKnownFileType = sourcecode.swift; path = PreferenceManager.swift; sourceTree = "<group>"; };
		1559CC842282AB7E00F83D82 /* Config.swift */ = {isa = PBXFileReference; lastKnownFileType = sourcecode.swift; path = Config.swift; sourceTree = "<group>"; };
		1559CC862282AC5F00F83D82 /* DeviceManager.swift */ = {isa = PBXFileReference; lastKnownFileType = sourcecode.swift; path = DeviceManager.swift; sourceTree = "<group>"; };
		1559CC882282B6DE00F83D82 /* NSStringExtension.swift */ = {isa = PBXFileReference; lastKnownFileType = sourcecode.swift; path = NSStringExtension.swift; sourceTree = "<group>"; };
		1559CC8B2282B97600F83D82 /* GenflixErrorCode.swift */ = {isa = PBXFileReference; lastKnownFileType = sourcecode.swift; path = GenflixErrorCode.swift; sourceTree = "<group>"; };
		1559CC8D2282BA3A00F83D82 /* User.swift */ = {isa = PBXFileReference; lastKnownFileType = sourcecode.swift; path = User.swift; sourceTree = "<group>"; };
		157D6E0F22851C8100A0FEE8 /* MainMenuController.swift */ = {isa = PBXFileReference; lastKnownFileType = sourcecode.swift; path = MainMenuController.swift; sourceTree = "<group>"; };
		157D6E11228521F000A0FEE8 /* StoryboardManager.swift */ = {isa = PBXFileReference; lastKnownFileType = sourcecode.swift; path = StoryboardManager.swift; sourceTree = "<group>"; };
		15EB618B2283C1960091CCD9 /* RequestExtension.swift */ = {isa = PBXFileReference; lastKnownFileType = sourcecode.swift; path = RequestExtension.swift; sourceTree = "<group>"; };
		79361D5C412165EDDECB5009 /* Pods-login api.release.xcconfig */ = {isa = PBXFileReference; includeInIndex = 1; lastKnownFileType = text.xcconfig; name = "Pods-login api.release.xcconfig"; path = "Target Support Files/Pods-login api/Pods-login api.release.xcconfig"; sourceTree = "<group>"; };
		CBCDB256332F89DA08C2F9CB /* Pods-login api.debug.xcconfig */ = {isa = PBXFileReference; includeInIndex = 1; lastKnownFileType = text.xcconfig; name = "Pods-login api.debug.xcconfig"; path = "Target Support Files/Pods-login api/Pods-login api.debug.xcconfig"; sourceTree = "<group>"; };
/* End PBXFileReference section */

/* Begin PBXFrameworksBuildPhase section */
		151D4ACD2281615F008DBB83 /* Frameworks */ = {
			isa = PBXFrameworksBuildPhase;
			buildActionMask = 2147483647;
			files = (
				76FEEDDA8E025617BBC7C5BE /* Pods_login_api.framework in Frameworks */,
			);
			runOnlyForDeploymentPostprocessing = 0;
		};
/* End PBXFrameworksBuildPhase section */

/* Begin PBXGroup section */
		151D4AC72281615F008DBB83 = {
			isa = PBXGroup;
			children = (
				151D4AD22281615F008DBB83 /* login api */,
				151D4AD12281615F008DBB83 /* Products */,
				CA7220E8FAEF43EA37659074 /* Pods */,
				61E673D27B9D1A5941698E70 /* Frameworks */,
			);
			sourceTree = "<group>";
		};
		151D4AD12281615F008DBB83 /* Products */ = {
			isa = PBXGroup;
			children = (
				151D4AD02281615F008DBB83 /* login api.app */,
			);
			name = Products;
			sourceTree = "<group>";
		};
		151D4AD22281615F008DBB83 /* login api */ = {
			isa = PBXGroup;
			children = (
				15EB618D2283C6890091CCD9 /* Extends */,
				1559CC8A2282B96100F83D82 /* Model */,
				1559CC7D228289A400F83D82 /* Helpers */,
				1559CC7A2282892400F83D82 /* Base */,
				1559CC77228288CD00F83D82 /* Interactors */,
				151D4AE5228169D9008DBB83 /* Controller */,
				151D4AD32281615F008DBB83 /* AppDelegate.swift */,
				151D4AD72281615F008DBB83 /* Main.storyboard */,
				151D4ADA22816161008DBB83 /* Assets.xcassets */,
				151D4ADC22816161008DBB83 /* LaunchScreen.storyboard */,
				151D4ADF22816161008DBB83 /* Info.plist */,
			);
			path = "login api";
			sourceTree = "<group>";
		};
		151D4AE5228169D9008DBB83 /* Controller */ = {
			isa = PBXGroup;
			children = (
				151D4AE6228169F2008DBB83 /* LoginController.swift */,
				157D6E0F22851C8100A0FEE8 /* MainMenuController.swift */,
			);
			path = Controller;
			sourceTree = "<group>";
		};
		1559CC77228288CD00F83D82 /* Interactors */ = {
			isa = PBXGroup;
			children = (
				1559CC78228288F300F83D82 /* UserInteractor.swift */,
			);
			path = Interactors;
			sourceTree = "<group>";
		};
		1559CC7A2282892400F83D82 /* Base */ = {
			isa = PBXGroup;
			children = (
				1559CC7B2282893A00F83D82 /* BaseInteractor.swift */,
			);
			path = Base;
			sourceTree = "<group>";
		};
		1559CC7D228289A400F83D82 /* Helpers */ = {
			isa = PBXGroup;
			children = (
				1559CC8B2282B97600F83D82 /* GenflixErrorCode.swift */,
				1559CC7E228289BB00F83D82 /* APIConnector.swift */,
				1559CC8022828BA500F83D82 /* LocaleManager.swift */,
				1559CC8222828C6A00F83D82 /* PreferenceManager.swift */,
				1559CC842282AB7E00F83D82 /* Config.swift */,
				1559CC862282AC5F00F83D82 /* DeviceManager.swift */,
				157D6E11228521F000A0FEE8 /* StoryboardManager.swift */,
			);
			path = Helpers;
			sourceTree = "<group>";
		};
		1559CC8A2282B96100F83D82 /* Model */ = {
			isa = PBXGroup;
			children = (
				1559CC8D2282BA3A00F83D82 /* User.swift */,
			);
			path = Model;
			sourceTree = "<group>";
		};
		15EB618D2283C6890091CCD9 /* Extends */ = {
			isa = PBXGroup;
			children = (
				1559CC882282B6DE00F83D82 /* NSStringExtension.swift */,
				15EB618B2283C1960091CCD9 /* RequestExtension.swift */,
			);
			path = Extends;
			sourceTree = "<group>";
		};
		61E673D27B9D1A5941698E70 /* Frameworks */ = {
			isa = PBXGroup;
			children = (
				1198B85CF15CD7924827BD4E /* Pods_login_api.framework */,
			);
			name = Frameworks;
			sourceTree = "<group>";
		};
		CA7220E8FAEF43EA37659074 /* Pods */ = {
			isa = PBXGroup;
			children = (
				CBCDB256332F89DA08C2F9CB /* Pods-login api.debug.xcconfig */,
				79361D5C412165EDDECB5009 /* Pods-login api.release.xcconfig */,
			);
			path = Pods;
			sourceTree = "<group>";
		};
/* End PBXGroup section */

/* Begin PBXNativeTarget section */
		151D4ACF2281615F008DBB83 /* login api */ = {
			isa = PBXNativeTarget;
			buildConfigurationList = 151D4AE222816161008DBB83 /* Build configuration list for PBXNativeTarget "login api" */;
			buildPhases = (
				91E23F64832D950B76C84AFA /* [CP] Check Pods Manifest.lock */,
				151D4ACC2281615F008DBB83 /* Sources */,
				151D4ACD2281615F008DBB83 /* Frameworks */,
				151D4ACE2281615F008DBB83 /* Resources */,
				B3C61C73283119511E87BF1A /* [CP] Embed Pods Frameworks */,
			);
			buildRules = (
			);
			dependencies = (
			);
			name = "login api";
			productName = "login api";
			productReference = 151D4AD02281615F008DBB83 /* login api.app */;
			productType = "com.apple.product-type.application";
		};
/* End PBXNativeTarget section */

/* Begin PBXProject section */
		151D4AC82281615F008DBB83 /* Project object */ = {
			isa = PBXProject;
			attributes = {
				LastSwiftUpdateCheck = 1010;
				LastUpgradeCheck = 1010;
				ORGANIZATIONNAME = Yudha;
				TargetAttributes = {
					151D4ACF2281615F008DBB83 = {
						CreatedOnToolsVersion = 10.1;
					};
				};
			};
			buildConfigurationList = 151D4ACB2281615F008DBB83 /* Build configuration list for PBXProject "login api" */;
			compatibilityVersion = "Xcode 9.3";
			developmentRegion = en;
			hasScannedForEncodings = 0;
			knownRegions = (
				en,
				Base,
			);
			mainGroup = 151D4AC72281615F008DBB83;
			productRefGroup = 151D4AD12281615F008DBB83 /* Products */;
			projectDirPath = "";
			projectRoot = "";
			targets = (
				151D4ACF2281615F008DBB83 /* login api */,
			);
		};
/* End PBXProject section */

/* Begin PBXResourcesBuildPhase section */
		151D4ACE2281615F008DBB83 /* Resources */ = {
			isa = PBXResourcesBuildPhase;
			buildActionMask = 2147483647;
			files = (
				151D4ADE22816161008DBB83 /* LaunchScreen.storyboard in Resources */,
				151D4ADB22816161008DBB83 /* Assets.xcassets in Resources */,
				151D4AD92281615F008DBB83 /* Main.storyboard in Resources */,
			);
			runOnlyForDeploymentPostprocessing = 0;
		};
/* End PBXResourcesBuildPhase section */

/* Begin PBXShellScriptBuildPhase section */
		91E23F64832D950B76C84AFA /* [CP] Check Pods Manifest.lock */ = {
			isa = PBXShellScriptBuildPhase;
			buildActionMask = 2147483647;
			files = (
			);
			inputFileListPaths = (
			);
			inputPaths = (
				"${PODS_PODFILE_DIR_PATH}/Podfile.lock",
				"${PODS_ROOT}/Manifest.lock",
			);
			name = "[CP] Check Pods Manifest.lock";
			outputFileListPaths = (
			);
			outputPaths = (
				"$(DERIVED_FILE_DIR)/Pods-login api-checkManifestLockResult.txt",
			);
			runOnlyForDeploymentPostprocessing = 0;
			shellPath = /bin/sh;
			shellScript = "diff \"${PODS_PODFILE_DIR_PATH}/Podfile.lock\" \"${PODS_ROOT}/Manifest.lock\" > /dev/null\nif [ $? != 0 ] ; then\n    # print error to STDERR\n    echo \"error: The sandbox is not in sync with the Podfile.lock. Run 'pod install' or update your CocoaPods installation.\" >&2\n    exit 1\nfi\n# This output is used by Xcode 'outputs' to avoid re-running this script phase.\necho \"SUCCESS\" > \"${SCRIPT_OUTPUT_FILE_0}\"\n";
			showEnvVarsInLog = 0;
		};
		B3C61C73283119511E87BF1A /* [CP] Embed Pods Frameworks */ = {
			isa = PBXShellScriptBuildPhase;
			buildActionMask = 2147483647;
			files = (
			);
			inputFileListPaths = (
			);
			inputPaths = (
				"${PODS_ROOT}/Target Support Files/Pods-login api/Pods-login api-frameworks.sh",
				"${BUILT_PRODUCTS_DIR}/Alamofire/Alamofire.framework",
				"${BUILT_PRODUCTS_DIR}/PKHUD/PKHUD.framework",
				"${BUILT_PRODUCTS_DIR}/Realm/Realm.framework",
				"${BUILT_PRODUCTS_DIR}/RealmSwift/RealmSwift.framework",
				"${BUILT_PRODUCTS_DIR}/RxCocoa/RxCocoa.framework",
				"${BUILT_PRODUCTS_DIR}/RxSwift/RxSwift.framework",
				"${BUILT_PRODUCTS_DIR}/SAMKeychain/SAMKeychain.framework",
				"${BUILT_PRODUCTS_DIR}/SwiftyJSON/SwiftyJSON.framework",
			);
			name = "[CP] Embed Pods Frameworks";
			outputFileListPaths = (
			);
			outputPaths = (
				"${TARGET_BUILD_DIR}/${FRAMEWORKS_FOLDER_PATH}/Alamofire.framework",
				"${TARGET_BUILD_DIR}/${FRAMEWORKS_FOLDER_PATH}/PKHUD.framework",
				"${TARGET_BUILD_DIR}/${FRAMEWORKS_FOLDER_PATH}/Realm.framework",
				"${TARGET_BUILD_DIR}/${FRAMEWORKS_FOLDER_PATH}/RealmSwift.framework",
				"${TARGET_BUILD_DIR}/${FRAMEWORKS_FOLDER_PATH}/RxCocoa.framework",
				"${TARGET_BUILD_DIR}/${FRAMEWORKS_FOLDER_PATH}/RxSwift.framework",
				"${TARGET_BUILD_DIR}/${FRAMEWORKS_FOLDER_PATH}/SAMKeychain.framework",
				"${TARGET_BUILD_DIR}/${FRAMEWORKS_FOLDER_PATH}/SwiftyJSON.framework",
			);
			runOnlyForDeploymentPostprocessing = 0;
			shellPath = /bin/sh;
			shellScript = "\"${PODS_ROOT}/Target Support Files/Pods-login api/Pods-login api-frameworks.sh\"\n";
			showEnvVarsInLog = 0;
		};
/* End PBXShellScriptBuildPhase section */

/* Begin PBXSourcesBuildPhase section */
		151D4ACC2281615F008DBB83 /* Sources */ = {
			isa = PBXSourcesBuildPhase;
			buildActionMask = 2147483647;
			files = (
				1559CC7F228289BB00F83D82 /* APIConnector.swift in Sources */,
				1559CC8322828C6A00F83D82 /* PreferenceManager.swift in Sources */,
				151D4AE7228169F2008DBB83 /* LoginController.swift in Sources */,
				1559CC8C2282B97600F83D82 /* GenflixErrorCode.swift in Sources */,
				1559CC892282B6DE00F83D82 /* NSStringExtension.swift in Sources */,
				157D6E1022851C8100A0FEE8 /* MainMenuController.swift in Sources */,
				1559CC7C2282893A00F83D82 /* BaseInteractor.swift in Sources */,
				1559CC8122828BA500F83D82 /* LocaleManager.swift in Sources */,
				1559CC852282AB7E00F83D82 /* Config.swift in Sources */,
				1559CC8E2282BA3A00F83D82 /* User.swift in Sources */,
				1559CC79228288F300F83D82 /* UserInteractor.swift in Sources */,
				1559CC872282AC5F00F83D82 /* DeviceManager.swift in Sources */,
				151D4AD42281615F008DBB83 /* AppDelegate.swift in Sources */,
				15EB618C2283C1960091CCD9 /* RequestExtension.swift in Sources */,
				157D6E12228521F000A0FEE8 /* StoryboardManager.swift in Sources */,
			);
			runOnlyForDeploymentPostprocessing = 0;
		};
/* End PBXSourcesBuildPhase section */

/* Begin PBXVariantGroup section */
		151D4AD72281615F008DBB83 /* Main.storyboard */ = {
			isa = PBXVariantGroup;
			children = (
				151D4AD82281615F008DBB83 /* Base */,
			);
			name = Main.storyboard;
			sourceTree = "<group>";
		};
		151D4ADC22816161008DBB83 /* LaunchScreen.storyboard */ = {
			isa = PBXVariantGroup;
			children = (
				151D4ADD22816161008DBB83 /* Base */,
			);
			name = LaunchScreen.storyboard;
			sourceTree = "<group>";
		};
/* End PBXVariantGroup section */

/* Begin XCBuildConfiguration section */
		151D4AE022816161008DBB83 /* Debug */ = {
			isa = XCBuildConfiguration;
			buildSettings = {
				ALWAYS_SEARCH_USER_PATHS = NO;
				CLANG_ANALYZER_NONNULL = YES;
				CLANG_ANALYZER_NUMBER_OBJECT_CONVERSION = YES_AGGRESSIVE;
				CLANG_CXX_LANGUAGE_STANDARD = "gnu++14";
				CLANG_CXX_LIBRARY = "libc++";
				CLANG_ENABLE_MODULES = YES;
				CLANG_ENABLE_OBJC_ARC = YES;
				CLANG_ENABLE_OBJC_WEAK = YES;
				CLANG_WARN_BLOCK_CAPTURE_AUTORELEASING = YES;
				CLANG_WARN_BOOL_CONVERSION = YES;
				CLANG_WARN_COMMA = YES;
				CLANG_WARN_CONSTANT_CONVERSION = YES;
				CLANG_WARN_DEPRECATED_OBJC_IMPLEMENTATIONS = YES;
				CLANG_WARN_DIRECT_OBJC_ISA_USAGE = YES_ERROR;
				CLANG_WARN_DOCUMENTATION_COMMENTS = YES;
				CLANG_WARN_EMPTY_BODY = YES;
				CLANG_WARN_ENUM_CONVERSION = YES;
				CLANG_WARN_INFINITE_RECURSION = YES;
				CLANG_WARN_INT_CONVERSION = YES;
				CLANG_WARN_NON_LITERAL_NULL_CONVERSION = YES;
				CLANG_WARN_OBJC_IMPLICIT_RETAIN_SELF = YES;
				CLANG_WARN_OBJC_LITERAL_CONVERSION = YES;
				CLANG_WARN_OBJC_ROOT_CLASS = YES_ERROR;
				CLANG_WARN_RANGE_LOOP_ANALYSIS = YES;
				CLANG_WARN_STRICT_PROTOTYPES = YES;
				CLANG_WARN_SUSPICIOUS_MOVE = YES;
				CLANG_WARN_UNGUARDED_AVAILABILITY = YES_AGGRESSIVE;
				CLANG_WARN_UNREACHABLE_CODE = YES;
				CLANG_WARN__DUPLICATE_METHOD_MATCH = YES;
				CODE_SIGN_IDENTITY = "iPhone Developer";
				COPY_PHASE_STRIP = NO;
				DEBUG_INFORMATION_FORMAT = dwarf;
				ENABLE_STRICT_OBJC_MSGSEND = YES;
				ENABLE_TESTABILITY = YES;
				GCC_C_LANGUAGE_STANDARD = gnu11;
				GCC_DYNAMIC_NO_PIC = NO;
				GCC_NO_COMMON_BLOCKS = YES;
				GCC_OPTIMIZATION_LEVEL = 0;
				GCC_PREPROCESSOR_DEFINITIONS = (
					"DEBUG=1",
					"$(inherited)",
				);
				GCC_WARN_64_TO_32_BIT_CONVERSION = YES;
				GCC_WARN_ABOUT_RETURN_TYPE = YES_ERROR;
				GCC_WARN_UNDECLARED_SELECTOR = YES;
				GCC_WARN_UNINITIALIZED_AUTOS = YES_AGGRESSIVE;
				GCC_WARN_UNUSED_FUNCTION = YES;
				GCC_WARN_UNUSED_VARIABLE = YES;
				IPHONEOS_DEPLOYMENT_TARGET = 12.1;
				MTL_ENABLE_DEBUG_INFO = INCLUDE_SOURCE;
				MTL_FAST_MATH = YES;
				ONLY_ACTIVE_ARCH = YES;
				SDKROOT = iphoneos;
				SWIFT_ACTIVE_COMPILATION_CONDITIONS = DEBUG;
				SWIFT_OPTIMIZATION_LEVEL = "-Onone";
			};
			name = Debug;
		};
		151D4AE122816161008DBB83 /* Release */ = {
			isa = XCBuildConfiguration;
			buildSettings = {
				ALWAYS_SEARCH_USER_PATHS = NO;
				CLANG_ANALYZER_NONNULL = YES;
				CLANG_ANALYZER_NUMBER_OBJECT_CONVERSION = YES_AGGRESSIVE;
				CLANG_CXX_LANGUAGE_STANDARD = "gnu++14";
				CLANG_CXX_LIBRARY = "libc++";
				CLANG_ENABLE_MODULES = YES;
				CLANG_ENABLE_OBJC_ARC = YES;
				CLANG_ENABLE_OBJC_WEAK = YES;
				CLANG_WARN_BLOCK_CAPTURE_AUTORELEASING = YES;
				CLANG_WARN_BOOL_CONVERSION = YES;
				CLANG_WARN_COMMA = YES;
				CLANG_WARN_CONSTANT_CONVERSION = YES;
				CLANG_WARN_DEPRECATED_OBJC_IMPLEMENTATIONS = YES;
				CLANG_WARN_DIRECT_OBJC_ISA_USAGE = YES_ERROR;
				CLANG_WARN_DOCUMENTATION_COMMENTS = YES;
				CLANG_WARN_EMPTY_BODY = YES;
				CLANG_WARN_ENUM_CONVERSION = YES;
				CLANG_WARN_INFINITE_RECURSION = YES;
				CLANG_WARN_INT_CONVERSION = YES;
				CLANG_WARN_NON_LITERAL_NULL_CONVERSION = YES;
				CLANG_WARN_OBJC_IMPLICIT_RETAIN_SELF = YES;
				CLANG_WARN_OBJC_LITERAL_CONVERSION = YES;
				CLANG_WARN_OBJC_ROOT_CLASS = YES_ERROR;
				CLANG_WARN_RANGE_LOOP_ANALYSIS = YES;
				CLANG_WARN_STRICT_PROTOTYPES = YES;
				CLANG_WARN_SUSPICIOUS_MOVE = YES;
				CLANG_WARN_UNGUARDED_AVAILABILITY = YES_AGGRESSIVE;
				CLANG_WARN_UNREACHABLE_CODE = YES;
				CLANG_WARN__DUPLICATE_METHOD_MATCH = YES;
				CODE_SIGN_IDENTITY = "iPhone Developer";
				COPY_PHASE_STRIP = NO;
				DEBUG_INFORMATION_FORMAT = "dwarf-with-dsym";
				ENABLE_NS_ASSERTIONS = NO;
				ENABLE_STRICT_OBJC_MSGSEND = YES;
				GCC_C_LANGUAGE_STANDARD = gnu11;
				GCC_NO_COMMON_BLOCKS = YES;
				GCC_WARN_64_TO_32_BIT_CONVERSION = YES;
				GCC_WARN_ABOUT_RETURN_TYPE = YES_ERROR;
				GCC_WARN_UNDECLARED_SELECTOR = YES;
				GCC_WARN_UNINITIALIZED_AUTOS = YES_AGGRESSIVE;
				GCC_WARN_UNUSED_FUNCTION = YES;
				GCC_WARN_UNUSED_VARIABLE = YES;
				IPHONEOS_DEPLOYMENT_TARGET = 12.1;
				MTL_ENABLE_DEBUG_INFO = NO;
				MTL_FAST_MATH = YES;
				SDKROOT = iphoneos;
				SWIFT_COMPILATION_MODE = wholemodule;
				SWIFT_OPTIMIZATION_LEVEL = "-O";
				VALIDATE_PRODUCT = YES;
			};
			name = Release;
		};
		151D4AE322816161008DBB83 /* Debug */ = {
			isa = XCBuildConfiguration;
			baseConfigurationReference = CBCDB256332F89DA08C2F9CB /* Pods-login api.debug.xcconfig */;
			buildSettings = {
				ASSETCATALOG_COMPILER_APPICON_NAME = AppIcon;
				CODE_SIGN_STYLE = Automatic;
				DEVELOPMENT_TEAM = RGUA98U4CD;
				INFOPLIST_FILE = "login api/Info.plist";
				LD_RUNPATH_SEARCH_PATHS = (
					"$(inherited)",
					"@executable_path/Frameworks",
				);
				PRODUCT_BUNDLE_IDENTIFIER = "com.rsypj.login-api";
				PRODUCT_NAME = "$(TARGET_NAME)";
				SWIFT_VERSION = 4.2;
				TARGETED_DEVICE_FAMILY = "1,2";
			};
			name = Debug;
		};
		151D4AE422816161008DBB83 /* Release */ = {
			isa = XCBuildConfiguration;
			baseConfigurationReference = 79361D5C412165EDDECB5009 /* Pods-login api.release.xcconfig */;
			buildSettings = {
				ASSETCATALOG_COMPILER_APPICON_NAME = AppIcon;
				CODE_SIGN_STYLE = Automatic;
				DEVELOPMENT_TEAM = RGUA98U4CD;
				INFOPLIST_FILE = "login api/Info.plist";
				LD_RUNPATH_SEARCH_PATHS = (
					"$(inherited)",
					"@executable_path/Frameworks",
				);
				PRODUCT_BUNDLE_IDENTIFIER = "com.rsypj.login-api";
				PRODUCT_NAME = "$(TARGET_NAME)";
				SWIFT_VERSION = 4.2;
				TARGETED_DEVICE_FAMILY = "1,2";
			};
			name = Release;
		};
/* End XCBuildConfiguration section */

/* Begin XCConfigurationList section */
		151D4ACB2281615F008DBB83 /* Build configuration list for PBXProject "login api" */ = {
			isa = XCConfigurationList;
			buildConfigurations = (
				151D4AE022816161008DBB83 /* Debug */,
				151D4AE122816161008DBB83 /* Release */,
			);
			defaultConfigurationIsVisible = 0;
			defaultConfigurationName = Release;
		};
		151D4AE222816161008DBB83 /* Build configuration list for PBXNativeTarget "login api" */ = {
			isa = XCConfigurationList;
			buildConfigurations = (
				151D4AE322816161008DBB83 /* Debug */,
				151D4AE422816161008DBB83 /* Release */,
			);
			defaultConfigurationIsVisible = 0;
			defaultConfigurationName = Release;
		};
/* End XCConfigurationList section */
	};
	rootObject = 151D4AC82281615F008DBB83 /* Project object */;
}
